
Microsoft Visual Studio Solution File, Format Version 11.00
# Visual Studio 2010
Project("{8BC9CEB8-8B4A-11D0-8D11-00A0C91BC942}") = "search_unicode_line", "search_unicode_line\search_unicode_line.vcxproj", "{2F21FF64-5E80-4792-BFFE-985A3A53BF27}"
EndProject
Global
	GlobalSection(SolutionConfigurationPlatforms) = preSolution
		Debug|Win32 = Debug|Win32
		Release|Win32 = Release|Win32
	EndGlobalSection
	GlobalSection(ProjectConfigurationPlatforms) = postSolution
		{2F21FF64-5E80-4792-BFFE-985A3A53BF27}.Debug|Win32.ActiveCfg = Debug|Win32
		{2F21FF64-5E80-4792-BFFE-985A3A53BF27}.Debug|Win32.Build.0 = Debug|Win32
		{2F21FF64-5E80-4792-BFFE-985A3A53BF27}.Release|Win32.ActiveCfg = Release|Win32
		{2F21FF64-5E80-4792-BFFE-985A3A53BF27}.Release|Win32.Build.0 = Release|Win32
	EndGlobalSection
	GlobalSection(SolutionProperties) = preSolution
		HideSolutionNode = FALSE
	EndGlobalSection
EndGlobal
