<?xml version="1.0" encoding="utf-8"?>
<Project ToolsVersion="4.0" xmlns="http://schemas.microsoft.com/developer/msbuild/2003">
  <ItemGroup>
    <Filter Include="Source Files">
      <UniqueIdentifier>{4FC737F1-C7A5-4376-A066-2A32D752A2FF}</UniqueIdentifier>
      <Extensions>cpp;c;cc;cxx;def;odl;idl;hpj;bat;asm;asmx</Extensions>
    </Filter>
    <Filter Include="Source Files\utility">
      <UniqueIdentifier>{a1327b3c-f1fe-450b-9455-784d947fe66d}</UniqueIdentifier>
    </Filter>
    <Filter Include="Source Files\query">
      <UniqueIdentifier>{06714c42-5197-4507-b742-fd722149a5f6}</UniqueIdentifier>
    </Filter>
  </ItemGroup>
  <ItemGroup>
    <ClCompile Include="main.cc">
      <Filter>Source Files</Filter>
    </ClCompile>
    <ClCompile Include="utility\utility.cpp">
      <Filter>Source Files\utility</Filter>
    </ClCompile>
    <ClCompile Include="query\QueryFolder.cc">
      <Filter>Source Files\query</Filter>
    </ClCompile>
    <ClCompile Include="query\QueryFile.cc">
      <Filter>Source Files\query</Filter>
    </ClCompile>
    <ClCompile Include="query\WriteResult.cc">
      <Filter>Source Files\query</Filter>
    </ClCompile>
  </ItemGroup>
  <ItemGroup>
    <ClInclude Include="utility\utility.h">
      <Filter>Source Files\utility</Filter>
    </ClInclude>
    <ClInclude Include="query\QueryFile.h">
      <Filter>Source Files\query</Filter>
    </ClInclude>
    <ClInclude Include="query\QueryFolder.h">
      <Filter>Source Files\query</Filter>
    </ClInclude>
    <ClInclude Include="query\IWriteResult.h">
      <Filter>Source Files\query</Filter>
    </ClInclude>
    <ClInclude Include="query\WriteResult.h">
      <Filter>Source Files\query</Filter>
    </ClInclude>
  </ItemGroup>
</Project>